# THIS IS AN AUTOGENERATED FILE. DO NOT EDIT THIS FILE DIRECTLY.
# yarn lockfile v1


"@babel/helper-module-imports@^7.0.0":
  version "7.7.4"
  resolved "https://artifactory-uw2.adobeitc.com/artifactory/api/npm/npm-local-release/@babel/helper-module-imports/-/helper-module-imports-7.7.4.tgz#e5a92529f8888bf319a6376abfbd1cebc491ad91"
  integrity sha1-5aklKfiIi/MZpjdqv70c68SRrZE=
  dependencies:
    "@babel/types" "^7.7.4"

"@babel/types@^7.7.4":
  version "7.7.4"
  resolved "https://artifactory-uw2.adobeitc.com/artifactory/api/npm/npm-local-release/@babel/types/-/types-7.7.4.tgz#516570d539e44ddf308c07569c258ff94fde9193"
  integrity sha1-UWVw1TnkTd8wjAdWnCWP+U/ekZM=
  dependencies:
    esutils "^2.0.2"
    lodash "^4.17.13"
    to-fast-properties "^2.0.0"

"@types/estree@*":
  version "0.0.40"
  resolved "https://artifactory-uw2.adobeitc.com/artifactory/api/npm/npm-local-release/@types/estree/-/estree-0.0.40.tgz#0e6cb9b9bbd098031fa19e4b4e8131bc70e5de13"
  integrity sha1-Dmy5ubvQmAMfoZ5LToExvHDl3hM=

"@types/node@*":
  version "12.12.14"
  resolved "https://artifactory-uw2.adobeitc.com/artifactory/api/npm/npm-local-release/@types/node/-/node-12.12.14.tgz#1c1d6e3c75dba466e0326948d56e8bd72a1903d2"
  integrity sha1-HB1uPHXbpGbgMmlI1W6L1yoZA9I=

acorn@^7.1.0:
  version "7.1.0"
  resolved "https://artifactory-uw2.adobeitc.com/artifactory/api/npm/npm-local-release/acorn/-/acorn-7.1.0.tgz#949d36f2c292535da602283586c2477c57eb2d6c"
  integrity sha1-lJ028sKSU12mAig1hsJHfFfrLWw=

estree-walker@^0.6.1:
  version "0.6.1"
  resolved "https://artifactory-uw2.adobeitc.com/artifactory/api/npm/npm-local-release/estree-walker/-/estree-walker-0.6.1.tgz#53049143f40c6eb918b23671d1fe3219f3a1b362"
  integrity sha1-UwSRQ/QMbrkYsjZx0f4yGfOhs2I=

esutils@^2.0.2:
  version "2.0.3"
  resolved "https://artifactory-uw2.adobeitc.com/artifactory/api/npm/npm-local-release/esutils/-/esutils-2.0.3.tgz#74d2eb4de0b8da1293711910d50775b9b710ef64"
  integrity sha1-dNLrTeC42hKTcRkQ1Qd1ubcQ72Q=

lodash@^4.17.13:
  version "4.17.15"
  resolved "https://artifactory-uw2.adobeitc.com/artifactory/api/npm/npm-local-release/lodash/-/lodash-4.17.15.tgz#b447f6670a0455bbfeedd11392eff330ea097548"
  integrity sha1-tEf2ZwoEVbv+7dETku/zMOoJdUg=

rollup-plugin-babel@^4.3.3:
  version "4.3.3"
  resolved "https://registry.yarnpkg.com/rollup-plugin-babel/-/rollup-plugin-babel-4.3.3.tgz#7eb5ac16d9b5831c3fd5d97e8df77ba25c72a2aa"
  integrity sha512-tKzWOCmIJD/6aKNz0H1GMM+lW1q9KyFubbWzGiOG540zxPPifnEAHTZwjo0g991Y+DyOZcLqBgqOdqazYE5fkw==
  dependencies:
    "@babel/helper-module-imports" "^7.0.0"
    rollup-pluginutils "^2.8.1"

rollup-pluginutils@^2.8.1:
  version "2.8.2"
  resolved "https://artifactory-uw2.adobeitc.com/artifactory/api/npm/npm-local-release/rollup-pluginutils/-/rollup-pluginutils-2.8.2.tgz#72f2af0748b592364dbd3389e600e5a9444a351e"
  integrity sha1-cvKvB0i1kjZNvTOJ5gDlqURKNR4=
  dependencies:
    estree-walker "^0.6.1"

rollup@^1.27.9:
  version "1.27.9"
  resolved "https://artifactory-uw2.adobeitc.com/artifactory/api/npm/npm-local-release/rollup/-/rollup-1.27.9.tgz#742f1234c1fa935f35149a433807da675b10f9a6"
  integrity sha1-dC8SNMH6k181FJpDOAfaZ1sQ+aY=
  dependencies:
    "@types/estree" "*"
    "@types/node" "*"
    acorn "^7.1.0"

to-fast-properties@^2.0.0:
  version "2.0.0"
  resolved "https://artifactory-uw2.adobeitc.com/artifactory/api/npm/npm-local-release/to-fast-properties/-/to-fast-properties-2.0.0.tgz#dc5e698cbd079265bc73e0377681a4e4e83f616e"
  integrity sha1-3F5pjL0HkmW8c+A3doGk5Og/YW4=

yarn@^1.21.0:
  version "1.21.0"
  resolved "https://artifactory-uw2.adobeitc.com/artifactory/api/npm/npm-local-release/yarn/-/yarn-1.21.0.tgz#e0827d97a24f6714f1540cf2e8328b2e8eed682c"
  integrity sha1-4IJ9l6JPZxTxVAzy6DKLLo7taCw=
